// !$*UTF8*$!
{
	archiveVersion = 1;
	classes = {
	};
	objectVersion = 50;
	objects = {

/* Begin PBXBuildFile section */
		764E4F5D21FE0744002F88DB /* OrderConfirmationViewController.swift in Sources */ = {isa = PBXBuildFile; fileRef = 764E4F5C21FE0744002F88DB /* OrderConfirmationViewController.swift */; };
		764E4F5F21FE2447002F88DB /* OrderConfirmationDelegate.swift in Sources */ = {isa = PBXBuildFile; fileRef = 764E4F5E21FE2447002F88DB /* OrderConfirmationDelegate.swift */; };
		76866DE221FD73B100A721F2 /* AppDelegate.swift in Sources */ = {isa = PBXBuildFile; fileRef = 76866DE121FD73B100A721F2 /* AppDelegate.swift */; };
		76866DE921FD73B300A721F2 /* Assets.xcassets in Resources */ = {isa = PBXBuildFile; fileRef = 76866DE821FD73B300A721F2 /* Assets.xcassets */; };
		76866DEC21FD73B300A721F2 /* LaunchScreen.storyboard in Resources */ = {isa = PBXBuildFile; fileRef = 76866DEA21FD73B300A721F2 /* LaunchScreen.storyboard */; };
		76866DF421FD749000A721F2 /* MenuViewController.swift in Sources */ = {isa = PBXBuildFile; fileRef = 76866DF321FD749000A721F2 /* MenuViewController.swift */; };
		76866DF621FD749C00A721F2 /* OrderViewController.swift in Sources */ = {isa = PBXBuildFile; fileRef = 76866DF521FD749C00A721F2 /* OrderViewController.swift */; };
		76866DFB21FD89D400A721F2 /* CategoriesViewController.swift in Sources */ = {isa = PBXBuildFile; fileRef = 76866DFA21FD89D400A721F2 /* CategoriesViewController.swift */; };
		76866DFD21FD908700A721F2 /* MenuItemDetailViewController.swift in Sources */ = {isa = PBXBuildFile; fileRef = 76866DFC21FD908700A721F2 /* MenuItemDetailViewController.swift */; };
		76866E0021FD921B00A721F2 /* MenuItem.swift in Sources */ = {isa = PBXBuildFile; fileRef = 76866DFF21FD921B00A721F2 /* MenuItem.swift */; };
		76866E0221FD938600A721F2 /* IntermediaryModels.swift in Sources */ = {isa = PBXBuildFile; fileRef = 76866E0121FD938600A721F2 /* IntermediaryModels.swift */; };
		76866E0521FD94C000A721F2 /* MenuController.swift in Sources */ = {isa = PBXBuildFile; fileRef = 76866E0421FD94C000A721F2 /* MenuController.swift */; };
		76FA407D21FDF8730048B0B8 /* AddToOrderDelegate.swift in Sources */ = {isa = PBXBuildFile; fileRef = 76FA407C21FDF8730048B0B8 /* AddToOrderDelegate.swift */; };
/* End PBXBuildFile section */

/* Begin PBXFileReference section */
		764E4F5C21FE0744002F88DB /* OrderConfirmationViewController.swift */ = {isa = PBXFileReference; lastKnownFileType = sourcecode.swift; path = OrderConfirmationViewController.swift; sourceTree = "<group>"; };
		764E4F5E21FE2447002F88DB /* OrderConfirmationDelegate.swift */ = {isa = PBXFileReference; lastKnownFileType = sourcecode.swift; path = OrderConfirmationDelegate.swift; sourceTree = "<group>"; };
		76866DDE21FD73B100A721F2 /* RestaurantApp.app */ = {isa = PBXFileReference; explicitFileType = wrapper.application; includeInIndex = 0; path = RestaurantApp.app; sourceTree = BUILT_PRODUCTS_DIR; };
		76866DE121FD73B100A721F2 /* AppDelegate.swift */ = {isa = PBXFileReference; lastKnownFileType = sourcecode.swift; path = AppDelegate.swift; sourceTree = "<group>"; };
		76866DE821FD73B300A721F2 /* Assets.xcassets */ = {isa = PBXFileReference; lastKnownFileType = folder.assetcatalog; path = Assets.xcassets; sourceTree = "<group>"; };
		76866DEB21FD73B300A721F2 /* Base */ = {isa = PBXFileReference; lastKnownFileType = file.storyboard; name = Base; path = Base.lproj/LaunchScreen.storyboard; sourceTree = "<group>"; };
		76866DED21FD73B300A721F2 /* Info.plist */ = {isa = PBXFileReference; lastKnownFileType = text.plist.xml; path = Info.plist; sourceTree = "<group>"; };
		76866DF321FD749000A721F2 /* MenuViewController.swift */ = {isa = PBXFileReference; lastKnownFileType = sourcecode.swift; path = MenuViewController.swift; sourceTree = "<group>"; };
		76866DF521FD749C00A721F2 /* OrderViewController.swift */ = {isa = PBXFileReference; lastKnownFileType = sourcecode.swift; path = OrderViewController.swift; sourceTree = "<group>"; };
		76866DFA21FD89D400A721F2 /* CategoriesViewController.swift */ = {isa = PBXFileReference; lastKnownFileType = sourcecode.swift; path = CategoriesViewController.swift; sourceTree = "<group>"; };
		76866DFC21FD908700A721F2 /* MenuItemDetailViewController.swift */ = {isa = PBXFileReference; lastKnownFileType = sourcecode.swift; path = MenuItemDetailViewController.swift; sourceTree = "<group>"; };
		76866DFF21FD921B00A721F2 /* MenuItem.swift */ = {isa = PBXFileReference; lastKnownFileType = sourcecode.swift; path = MenuItem.swift; sourceTree = "<group>"; };
		76866E0121FD938600A721F2 /* IntermediaryModels.swift */ = {isa = PBXFileReference; lastKnownFileType = sourcecode.swift; path = IntermediaryModels.swift; sourceTree = "<group>"; };
		76866E0421FD94C000A721F2 /* MenuController.swift */ = {isa = PBXFileReference; lastKnownFileType = sourcecode.swift; path = MenuController.swift; sourceTree = "<group>"; };
		76FA407C21FDF8730048B0B8 /* AddToOrderDelegate.swift */ = {isa = PBXFileReference; lastKnownFileType = sourcecode.swift; path = AddToOrderDelegate.swift; sourceTree = "<group>"; };
/* End PBXFileReference section */

/* Begin PBXFrameworksBuildPhase section */
		76866DDB21FD73B100A721F2 /* Frameworks */ = {
			isa = PBXFrameworksBuildPhase;
			buildActionMask = 2147483647;
			files = (
			);
			runOnlyForDeploymentPostprocessing = 0;
		};
/* End PBXFrameworksBuildPhase section */

/* Begin PBXGroup section */
		7619024F220C7ABE00B62638 /* Supporting Files */ = {
			isa = PBXGroup;
			children = (
				76866DE121FD73B100A721F2 /* AppDelegate.swift */,
				76866DE821FD73B300A721F2 /* Assets.xcassets */,
				76866DEA21FD73B300A721F2 /* LaunchScreen.storyboard */,
			);
			path = "Supporting Files";
			sourceTree = "<group>";
		};
		76866DD521FD73B100A721F2 = {
			isa = PBXGroup;
			children = (
				76866DE021FD73B100A721F2 /* RestaurantApp */,
				76866DDF21FD73B100A721F2 /* Products */,
			);
			sourceTree = "<group>";
		};
		76866DDF21FD73B100A721F2 /* Products */ = {
			isa = PBXGroup;
			children = (
				76866DDE21FD73B100A721F2 /* RestaurantApp.app */,
			);
			name = Products;
			sourceTree = "<group>";
		};
		76866DE021FD73B100A721F2 /* RestaurantApp */ = {
			isa = PBXGroup;
			children = (
				76866DFE21FD91DB00A721F2 /* Models */,
				76866E0321FD949A00A721F2 /* Model Controllers */,
				76866DF721FD74A600A721F2 /* View Controllers  */,
				76FA407B21FDF84A0048B0B8 /* Protocols */,
				7619024F220C7ABE00B62638 /* Supporting Files */,
				76866DED21FD73B300A721F2 /* Info.plist */,
			);
			path = RestaurantApp;
			sourceTree = "<group>";
		};
		76866DF721FD74A600A721F2 /* View Controllers  */ = {
			isa = PBXGroup;
			children = (
				76866DFA21FD89D400A721F2 /* CategoriesViewController.swift */,
				76866DF321FD749000A721F2 /* MenuViewController.swift */,
				76866DFC21FD908700A721F2 /* MenuItemDetailViewController.swift */,
				76866DF521FD749C00A721F2 /* OrderViewController.swift */,
				764E4F5C21FE0744002F88DB /* OrderConfirmationViewController.swift */,
			);
			path = "View Controllers ";
			sourceTree = "<group>";
		};
		76866DFE21FD91DB00A721F2 /* Models */ = {
			isa = PBXGroup;
			children = (
				76866DFF21FD921B00A721F2 /* MenuItem.swift */,
				76866E0121FD938600A721F2 /* IntermediaryModels.swift */,
			);
			path = Models;
			sourceTree = "<group>";
		};
		76866E0321FD949A00A721F2 /* Model Controllers */ = {
			isa = PBXGroup;
			children = (
				76866E0421FD94C000A721F2 /* MenuController.swift */,
			);
			path = "Model Controllers";
			sourceTree = "<group>";
		};
		76FA407B21FDF84A0048B0B8 /* Protocols */ = {
			isa = PBXGroup;
			children = (
				76FA407C21FDF8730048B0B8 /* AddToOrderDelegate.swift */,
				764E4F5E21FE2447002F88DB /* OrderConfirmationDelegate.swift */,
			);
			path = Protocols;
			sourceTree = "<group>";
		};
/* End PBXGroup section */

/* Begin PBXNativeTarget section */
		76866DDD21FD73B100A721F2 /* RestaurantApp */ = {
			isa = PBXNativeTarget;
			buildConfigurationList = 76866DF021FD73B300A721F2 /* Build configuration list for PBXNativeTarget "RestaurantApp" */;
			buildPhases = (
				76866DDA21FD73B100A721F2 /* Sources */,
				76866DDB21FD73B100A721F2 /* Frameworks */,
				76866DDC21FD73B100A721F2 /* Resources */,
			);
			buildRules = (
			);
			dependencies = (
			);
			name = RestaurantApp;
			productName = RestaurantApp;
			productReference = 76866DDE21FD73B100A721F2 /* RestaurantApp.app */;
			productType = "com.apple.product-type.application";
		};
/* End PBXNativeTarget section */

/* Begin PBXProject section */
		76866DD621FD73B100A721F2 /* Project object */ = {
			isa = PBXProject;
			attributes = {
				LastSwiftUpdateCheck = 1010;
				LastUpgradeCheck = 1010;
				ORGANIZATIONNAME = Souley;
				TargetAttributes = {
					76866DDD21FD73B100A721F2 = {
						CreatedOnToolsVersion = 10.1;
					};
				};
			};
			buildConfigurationList = 76866DD921FD73B100A721F2 /* Build configuration list for PBXProject "RestaurantApp" */;
			compatibilityVersion = "Xcode 9.3";
			developmentRegion = en;
			hasScannedForEncodings = 0;
			knownRegions = (
				en,
				Base,
			);
			mainGroup = 76866DD521FD73B100A721F2;
			productRefGroup = 76866DDF21FD73B100A721F2 /* Products */;
			projectDirPath = "";
			projectRoot = "";
			targets = (
				76866DDD21FD73B100A721F2 /* RestaurantApp */,
			);
		};
/* End PBXProject section */

/* Begin PBXResourcesBuildPhase section */
		76866DDC21FD73B100A721F2 /* Resources */ = {
			isa = PBXResourcesBuildPhase;
			buildActionMask = 2147483647;
			files = (
				76866DEC21FD73B300A721F2 /* LaunchScreen.storyboard in Resources */,
				76866DE921FD73B300A721F2 /* Assets.xcassets in Resources */,
			);
			runOnlyForDeploymentPostprocessing = 0;
		};
/* End PBXResourcesBuildPhase section */

/* Begin PBXSourcesBuildPhase section */
		76866DDA21FD73B100A721F2 /* Sources */ = {
			isa = PBXSourcesBuildPhase;
			buildActionMask = 2147483647;
			files = (
				764E4F5D21FE0744002F88DB /* OrderConfirmationViewController.swift in Sources */,
				76FA407D21FDF8730048B0B8 /* AddToOrderDelegate.swift in Sources */,
				76866E0521FD94C000A721F2 /* MenuController.swift in Sources */,
				76866DE221FD73B100A721F2 /* AppDelegate.swift in Sources */,
				76866DFD21FD908700A721F2 /* MenuItemDetailViewController.swift in Sources */,
				76866DF621FD749C00A721F2 /* OrderViewController.swift in Sources */,
				76866E0021FD921B00A721F2 /* MenuItem.swift in Sources */,
				76866DFB21FD89D400A721F2 /* CategoriesViewController.swift in Sources */,
				76866DF421FD749000A721F2 /* MenuViewController.swift in Sources */,
				764E4F5F21FE2447002F88DB /* OrderConfirmationDelegate.swift in Sources */,
				76866E0221FD938600A721F2 /* IntermediaryModels.swift in Sources */,
			);
			runOnlyForDeploymentPostprocessing = 0;
		};
/* End PBXSourcesBuildPhase section */

/* Begin PBXVariantGroup section */
		76866DEA21FD73B300A721F2 /* LaunchScreen.storyboard */ = {
			isa = PBXVariantGroup;
			children = (
				76866DEB21FD73B300A721F2 /* Base */,
			);
			name = LaunchScreen.storyboard;
			sourceTree = "<group>";
		};
/* End PBXVariantGroup section */

/* Begin XCBuildConfiguration section */
		76866DEE21FD73B300A721F2 /* Debug */ = {
			isa = XCBuildConfiguration;
			buildSettings = {
				ALWAYS_SEARCH_USER_PATHS = NO;
				CLANG_ANALYZER_NONNULL = YES;
				CLANG_ANALYZER_NUMBER_OBJECT_CONVERSION = YES_AGGRESSIVE;
				CLANG_CXX_LANGUAGE_STANDARD = "gnu++14";
				CLANG_CXX_LIBRARY = "libc++";
				CLANG_ENABLE_MODULES = YES;
				CLANG_ENABLE_OBJC_ARC = YES;
				CLANG_ENABLE_OBJC_WEAK = YES;
				CLANG_WARN_BLOCK_CAPTURE_AUTORELEASING = YES;
				CLANG_WARN_BOOL_CONVERSION = YES;
				CLANG_WARN_COMMA = YES;
				CLANG_WARN_CONSTANT_CONVERSION = YES;
				CLANG_WARN_DEPRECATED_OBJC_IMPLEMENTATIONS = YES;
				CLANG_WARN_DIRECT_OBJC_ISA_USAGE = YES_ERROR;
				CLANG_WARN_DOCUMENTATION_COMMENTS = YES;
				CLANG_WARN_EMPTY_BODY = YES;
				CLANG_WARN_ENUM_CONVERSION = YES;
				CLANG_WARN_INFINITE_RECURSION = YES;
				CLANG_WARN_INT_CONVERSION = YES;
				CLANG_WARN_NON_LITERAL_NULL_CONVERSION = YES;
				CLANG_WARN_OBJC_IMPLICIT_RETAIN_SELF = YES;
				CLANG_WARN_OBJC_LITERAL_CONVERSION = YES;
				CLANG_WARN_OBJC_ROOT_CLASS = YES_ERROR;
				CLANG_WARN_RANGE_LOOP_ANALYSIS = YES;
				CLANG_WARN_STRICT_PROTOTYPES = YES;
				CLANG_WARN_SUSPICIOUS_MOVE = YES;
				CLANG_WARN_UNGUARDED_AVAILABILITY = YES_AGGRESSIVE;
				CLANG_WARN_UNREACHABLE_CODE = YES;
				CLANG_WARN__DUPLICATE_METHOD_MATCH = YES;
				CODE_SIGN_IDENTITY = "iPhone Developer";
				COPY_PHASE_STRIP = NO;
				DEBUG_INFORMATION_FORMAT = dwarf;
				ENABLE_STRICT_OBJC_MSGSEND = YES;
				ENABLE_TESTABILITY = YES;
				GCC_C_LANGUAGE_STANDARD = gnu11;
				GCC_DYNAMIC_NO_PIC = NO;
				GCC_NO_COMMON_BLOCKS = YES;
				GCC_OPTIMIZATION_LEVEL = 0;
				GCC_PREPROCESSOR_DEFINITIONS = (
					"DEBUG=1",
					"$(inherited)",
				);
				GCC_WARN_64_TO_32_BIT_CONVERSION = YES;
				GCC_WARN_ABOUT_RETURN_TYPE = YES_ERROR;
				GCC_WARN_UNDECLARED_SELECTOR = YES;
				GCC_WARN_UNINITIALIZED_AUTOS = YES_AGGRESSIVE;
				GCC_WARN_UNUSED_FUNCTION = YES;
				GCC_WARN_UNUSED_VARIABLE = YES;
				IPHONEOS_DEPLOYMENT_TARGET = 12.1;
				MTL_ENABLE_DEBUG_INFO = INCLUDE_SOURCE;
				MTL_FAST_MATH = YES;
				ONLY_ACTIVE_ARCH = YES;
				SDKROOT = iphoneos;
				SWIFT_ACTIVE_COMPILATION_CONDITIONS = DEBUG;
				SWIFT_OPTIMIZATION_LEVEL = "-Onone";
			};
			name = Debug;
		};
		76866DEF21FD73B300A721F2 /* Release */ = {
			isa = XCBuildConfiguration;
			buildSettings = {
				ALWAYS_SEARCH_USER_PATHS = NO;
				CLANG_ANALYZER_NONNULL = YES;
				CLANG_ANALYZER_NUMBER_OBJECT_CONVERSION = YES_AGGRESSIVE;
				CLANG_CXX_LANGUAGE_STANDARD = "gnu++14";
				CLANG_CXX_LIBRARY = "libc++";
				CLANG_ENABLE_MODULES = YES;
				CLANG_ENABLE_OBJC_ARC = YES;
				CLANG_ENABLE_OBJC_WEAK = YES;
				CLANG_WARN_BLOCK_CAPTURE_AUTORELEASING = YES;
				CLANG_WARN_BOOL_CONVERSION = YES;
				CLANG_WARN_COMMA = YES;
				CLANG_WARN_CONSTANT_CONVERSION = YES;
				CLANG_WARN_DEPRECATED_OBJC_IMPLEMENTATIONS = YES;
				CLANG_WARN_DIRECT_OBJC_ISA_USAGE = YES_ERROR;
				CLANG_WARN_DOCUMENTATION_COMMENTS = YES;
				CLANG_WARN_EMPTY_BODY = YES;
				CLANG_WARN_ENUM_CONVERSION = YES;
				CLANG_WARN_INFINITE_RECURSION = YES;
				CLANG_WARN_INT_CONVERSION = YES;
				CLANG_WARN_NON_LITERAL_NULL_CONVERSION = YES;
				CLANG_WARN_OBJC_IMPLICIT_RETAIN_SELF = YES;
				CLANG_WARN_OBJC_LITERAL_CONVERSION = YES;
				CLANG_WARN_OBJC_ROOT_CLASS = YES_ERROR;
				CLANG_WARN_RANGE_LOOP_ANALYSIS = YES;
				CLANG_WARN_STRICT_PROTOTYPES = YES;
				CLANG_WARN_SUSPICIOUS_MOVE = YES;
				CLANG_WARN_UNGUARDED_AVAILABILITY = YES_AGGRESSIVE;
				CLANG_WARN_UNREACHABLE_CODE = YES;
				CLANG_WARN__DUPLICATE_METHOD_MATCH = YES;
				CODE_SIGN_IDENTITY = "iPhone Developer";
				COPY_PHASE_STRIP = NO;
				DEBUG_INFORMATION_FORMAT = "dwarf-with-dsym";
				ENABLE_NS_ASSERTIONS = NO;
				ENABLE_STRICT_OBJC_MSGSEND = YES;
				GCC_C_LANGUAGE_STANDARD = gnu11;
				GCC_NO_COMMON_BLOCKS = YES;
				GCC_WARN_64_TO_32_BIT_CONVERSION = YES;
				GCC_WARN_ABOUT_RETURN_TYPE = YES_ERROR;
				GCC_WARN_UNDECLARED_SELECTOR = YES;
				GCC_WARN_UNINITIALIZED_AUTOS = YES_AGGRESSIVE;
				GCC_WARN_UNUSED_FUNCTION = YES;
				GCC_WARN_UNUSED_VARIABLE = YES;
				IPHONEOS_DEPLOYMENT_TARGET = 12.1;
				MTL_ENABLE_DEBUG_INFO = NO;
				MTL_FAST_MATH = YES;
				SDKROOT = iphoneos;
				SWIFT_COMPILATION_MODE = wholemodule;
				SWIFT_OPTIMIZATION_LEVEL = "-O";
				VALIDATE_PRODUCT = YES;
			};
			name = Release;
		};
		76866DF121FD73B300A721F2 /* Debug */ = {
			isa = XCBuildConfiguration;
			buildSettings = {
				ASSETCATALOG_COMPILER_APPICON_NAME = AppIcon;
				CODE_SIGN_STYLE = Automatic;
				DEVELOPMENT_TEAM = UM6QCQ4JL7;
				INFOPLIST_FILE = RestaurantApp/Info.plist;
				LD_RUNPATH_SEARCH_PATHS = (
					"$(inherited)",
					"@executable_path/Frameworks",
				);
				PRODUCT_BUNDLE_IDENTIFIER = "souley-wague.RestaurantApp";
				PRODUCT_NAME = "$(TARGET_NAME)";
				SWIFT_VERSION = 4.2;
				TARGETED_DEVICE_FAMILY = "1,2";
			};
			name = Debug;
		};
		76866DF221FD73B300A721F2 /* Release */ = {
			isa = XCBuildConfiguration;
			buildSettings = {
				ASSETCATALOG_COMPILER_APPICON_NAME = AppIcon;
				CODE_SIGN_STYLE = Automatic;
				DEVELOPMENT_TEAM = UM6QCQ4JL7;
				INFOPLIST_FILE = RestaurantApp/Info.plist;
				LD_RUNPATH_SEARCH_PATHS = (
					"$(inherited)",
					"@executable_path/Frameworks",
				);
				PRODUCT_BUNDLE_IDENTIFIER = "souley-wague.RestaurantApp";
				PRODUCT_NAME = "$(TARGET_NAME)";
				SWIFT_VERSION = 4.2;
				TARGETED_DEVICE_FAMILY = "1,2";
			};
			name = Release;
		};
/* End XCBuildConfiguration section */

/* Begin XCConfigurationList section */
		76866DD921FD73B100A721F2 /* Build configuration list for PBXProject "RestaurantApp" */ = {
			isa = XCConfigurationList;
			buildConfigurations = (
				76866DEE21FD73B300A721F2 /* Debug */,
				76866DEF21FD73B300A721F2 /* Release */,
			);
			defaultConfigurationIsVisible = 0;
			defaultConfigurationName = Release;
		};
		76866DF021FD73B300A721F2 /* Build configuration list for PBXNativeTarget "RestaurantApp" */ = {
			isa = XCConfigurationList;
			buildConfigurations = (
				76866DF121FD73B300A721F2 /* Debug */,
				76866DF221FD73B300A721F2 /* Release */,
			);
			defaultConfigurationIsVisible = 0;
			defaultConfigurationName = Release;
		};
/* End XCConfigurationList section */
	};
	rootObject = 76866DD621FD73B100A721F2 /* Project object */;
}
